
Microsoft Visual Studio Solution File, Format Version 12.00
# Visual Studio 15
VisualStudioVersion = 15.0.28307.1300
MinimumVisualStudioVersion = 10.0.40219.1
Project("{FAE04EC0-301F-11D3-BF4B-00C04F79EFBC}") = "IntmaModbusServerServiceConfigurator", "ModbusServerService\IntmaModbusServerServiceConfigurator.csproj", "{974CA3A2-F81E-42F1-866B-4813FD930D99}"
EndProject
Project("{FAE04EC0-301F-11D3-BF4B-00C04F79EFBC}") = "IntmaModbusServerService", "IntmaModbusServerService\IntmaModbusServerService.csproj", "{11CC9832-E880-4049-BBC7-A79206EDAF17}"
EndProject
Global
	GlobalSection(SolutionConfigurationPlatforms) = preSolution
		Debug|Any CPU = Debug|Any CPU
		Release|Any CPU = Release|Any CPU
	EndGlobalSection
	GlobalSection(ProjectConfigurationPlatforms) = postSolution
		{974CA3A2-F81E-42F1-866B-4813FD930D99}.Debug|Any CPU.ActiveCfg = Debug|Any CPU
		{974CA3A2-F81E-42F1-866B-4813FD930D99}.Debug|Any CPU.Build.0 = Debug|Any CPU
		{974CA3A2-F81E-42F1-866B-4813FD930D99}.Release|Any CPU.ActiveCfg = Release|Any CPU
		{974CA3A2-F81E-42F1-866B-4813FD930D99}.Release|Any CPU.Build.0 = Release|Any CPU
		{11CC9832-E880-4049-BBC7-A79206EDAF17}.Debug|Any CPU.ActiveCfg = Debug|Any CPU
		{11CC9832-E880-4049-BBC7-A79206EDAF17}.Debug|Any CPU.Build.0 = Debug|Any CPU
		{11CC9832-E880-4049-BBC7-A79206EDAF17}.Release|Any CPU.ActiveCfg = Release|Any CPU
		{11CC9832-E880-4049-BBC7-A79206EDAF17}.Release|Any CPU.Build.0 = Release|Any CPU
	EndGlobalSection
	GlobalSection(SolutionProperties) = preSolution
		HideSolutionNode = FALSE
	EndGlobalSection
	GlobalSection(ExtensibilityGlobals) = postSolution
		SolutionGuid = {1FE264CC-C224-49C8-A272-47A5DBD27163}
	EndGlobalSection
EndGlobal
